// !$*UTF8*$!
{
	archiveVersion = 1;
	classes = {
	};
	objectVersion = 56;
	objects = {

/* Begin PBXBuildFile section */
		0715A2EC2B13781100C00ABA /* rnd.swift in Sources */ = {isa = PBXBuildFile; fileRef = 0715A2EB2B13781100C00ABA /* rnd.swift */; };
		0715A2EE2B137B5500C00ABA /* PushUpCounter.swift in Sources */ = {isa = PBXBuildFile; fileRef = 0715A2ED2B137B5500C00ABA /* PushUpCounter.swift */; };
		0715A2F22B137DD900C00ABA /* PushUpCounterTests.swift in Sources */ = {isa = PBXBuildFile; fileRef = 0715A2F12B137DD900C00ABA /* PushUpCounterTests.swift */; };
		0715A50C2B13B64200C00ABA /* StatefulTracker.swift in Sources */ = {isa = PBXBuildFile; fileRef = 0715A50B2B13B64200C00ABA /* StatefulTracker.swift */; };
		0715A50F2B13B6A400C00ABA /* StatefulTrackerTests.swift in Sources */ = {isa = PBXBuildFile; fileRef = 0715A50E2B13B6A400C00ABA /* StatefulTrackerTests.swift */; };
		0715A5142B19CCE200C00ABA /* ARFaceTrackingView.swift in Sources */ = {isa = PBXBuildFile; fileRef = 0715A5132B19CCE200C00ABA /* ARFaceTrackingView.swift */; };
		0715A5162B1B293700C00ABA /* AccelerationData.swift in Sources */ = {isa = PBXBuildFile; fileRef = 0715A5152B1B293700C00ABA /* AccelerationData.swift */; };
		073D67CF2B1C70FF00E0BE81 /* PushUpSet.swift in Sources */ = {isa = PBXBuildFile; fileRef = 073D67CE2B1C70FF00E0BE81 /* PushUpSet.swift */; };
		073D67D12B1CDBDE00E0BE81 /* TrackingView.swift in Sources */ = {isa = PBXBuildFile; fileRef = 073D67D02B1CDBDE00E0BE81 /* TrackingView.swift */; };
		075D02A82B12809500E72927 /* RepCounterView.swift in Sources */ = {isa = PBXBuildFile; fileRef = 075D02A72B12809500E72927 /* RepCounterView.swift */; };
		07B2AF092AF6A1DD00866EE2 /* Push_Up_TrackerApp.swift in Sources */ = {isa = PBXBuildFile; fileRef = 07B2AF082AF6A1DD00866EE2 /* Push_Up_TrackerApp.swift */; };
		07B2AF0B2AF6A1DD00866EE2 /* ContentView.swift in Sources */ = {isa = PBXBuildFile; fileRef = 07B2AF0A2AF6A1DD00866EE2 /* ContentView.swift */; };
		07B2AF0D2AF6A1DE00866EE2 /* Assets.xcassets in Resources */ = {isa = PBXBuildFile; fileRef = 07B2AF0C2AF6A1DE00866EE2 /* Assets.xcassets */; };
		07B2AF102AF6A1DE00866EE2 /* Preview Assets.xcassets in Resources */ = {isa = PBXBuildFile; fileRef = 07B2AF0F2AF6A1DE00866EE2 /* Preview Assets.xcassets */; };
		07B2AF202AF6A1DE00866EE2 /* Push_Up_TrackerTests.swift in Sources */ = {isa = PBXBuildFile; fileRef = 07B2AF1F2AF6A1DE00866EE2 /* Push_Up_TrackerTests.swift */; };
		07B2AF2A2AF6A1DE00866EE2 /* Push_Up_TrackerUITests.swift in Sources */ = {isa = PBXBuildFile; fileRef = 07B2AF292AF6A1DE00866EE2 /* Push_Up_TrackerUITests.swift */; };
		07B2AF2C2AF6A1DE00866EE2 /* Push_Up_TrackerUITestsLaunchTests.swift in Sources */ = {isa = PBXBuildFile; fileRef = 07B2AF2B2AF6A1DE00866EE2 /* Push_Up_TrackerUITestsLaunchTests.swift */; };
/* End PBXBuildFile section */

/* Begin PBXContainerItemProxy section */
		07B2AF1C2AF6A1DE00866EE2 /* PBXContainerItemProxy */ = {
			isa = PBXContainerItemProxy;
			containerPortal = 07B2AEFD2AF6A1DD00866EE2 /* Project object */;
			proxyType = 1;
			remoteGlobalIDString = 07B2AF042AF6A1DD00866EE2;
			remoteInfo = "Push Up Tracker";
		};
		07B2AF262AF6A1DE00866EE2 /* PBXContainerItemProxy */ = {
			isa = PBXContainerItemProxy;
			containerPortal = 07B2AEFD2AF6A1DD00866EE2 /* Project object */;
			proxyType = 1;
			remoteGlobalIDString = 07B2AF042AF6A1DD00866EE2;
			remoteInfo = "Push Up Tracker";
		};
/* End PBXContainerItemProxy section */

/* Begin PBXFileReference section */
		0715A2EB2B13781100C00ABA /* rnd.swift */ = {isa = PBXFileReference; lastKnownFileType = sourcecode.swift; path = rnd.swift; sourceTree = "<group>"; };
		0715A2ED2B137B5500C00ABA /* PushUpCounter.swift */ = {isa = PBXFileReference; lastKnownFileType = sourcecode.swift; path = PushUpCounter.swift; sourceTree = "<group>"; };
		0715A2F12B137DD900C00ABA /* PushUpCounterTests.swift */ = {isa = PBXFileReference; lastKnownFileType = sourcecode.swift; path = PushUpCounterTests.swift; sourceTree = "<group>"; };
		0715A50B2B13B64200C00ABA /* StatefulTracker.swift */ = {isa = PBXFileReference; lastKnownFileType = sourcecode.swift; path = StatefulTracker.swift; sourceTree = "<group>"; };
		0715A50E2B13B6A400C00ABA /* StatefulTrackerTests.swift */ = {isa = PBXFileReference; lastKnownFileType = sourcecode.swift; path = StatefulTrackerTests.swift; sourceTree = "<group>"; };
		0715A5132B19CCE200C00ABA /* ARFaceTrackingView.swift */ = {isa = PBXFileReference; lastKnownFileType = sourcecode.swift; path = ARFaceTrackingView.swift; sourceTree = "<group>"; };
		0715A5152B1B293700C00ABA /* AccelerationData.swift */ = {isa = PBXFileReference; lastKnownFileType = sourcecode.swift; path = AccelerationData.swift; sourceTree = "<group>"; };
		073D67CE2B1C70FF00E0BE81 /* PushUpSet.swift */ = {isa = PBXFileReference; lastKnownFileType = sourcecode.swift; path = PushUpSet.swift; sourceTree = "<group>"; };
		073D67D02B1CDBDE00E0BE81 /* TrackingView.swift */ = {isa = PBXFileReference; lastKnownFileType = sourcecode.swift; path = TrackingView.swift; sourceTree = "<group>"; };
		075D02A72B12809500E72927 /* RepCounterView.swift */ = {isa = PBXFileReference; lastKnownFileType = sourcecode.swift; path = RepCounterView.swift; sourceTree = "<group>"; };
		07B2AF052AF6A1DD00866EE2 /* Push Up Tracker.app */ = {isa = PBXFileReference; explicitFileType = wrapper.application; includeInIndex = 0; path = "Push Up Tracker.app"; sourceTree = BUILT_PRODUCTS_DIR; };
		07B2AF082AF6A1DD00866EE2 /* Push_Up_TrackerApp.swift */ = {isa = PBXFileReference; lastKnownFileType = sourcecode.swift; path = Push_Up_TrackerApp.swift; sourceTree = "<group>"; };
		07B2AF0A2AF6A1DD00866EE2 /* ContentView.swift */ = {isa = PBXFileReference; lastKnownFileType = sourcecode.swift; path = ContentView.swift; sourceTree = "<group>"; };
		07B2AF0C2AF6A1DE00866EE2 /* Assets.xcassets */ = {isa = PBXFileReference; lastKnownFileType = folder.assetcatalog; path = Assets.xcassets; sourceTree = "<group>"; };
		07B2AF0F2AF6A1DE00866EE2 /* Preview Assets.xcassets */ = {isa = PBXFileReference; lastKnownFileType = folder.assetcatalog; path = "Preview Assets.xcassets"; sourceTree = "<group>"; };
		07B2AF162AF6A1DE00866EE2 /* Info.plist */ = {isa = PBXFileReference; lastKnownFileType = text.plist.xml; path = Info.plist; sourceTree = "<group>"; };
		07B2AF1B2AF6A1DE00866EE2 /* Push Up TrackerTests.xctest */ = {isa = PBXFileReference; explicitFileType = wrapper.cfbundle; includeInIndex = 0; path = "Push Up TrackerTests.xctest"; sourceTree = BUILT_PRODUCTS_DIR; };
		07B2AF1F2AF6A1DE00866EE2 /* Push_Up_TrackerTests.swift */ = {isa = PBXFileReference; lastKnownFileType = sourcecode.swift; path = Push_Up_TrackerTests.swift; sourceTree = "<group>"; };
		07B2AF252AF6A1DE00866EE2 /* Push Up TrackerUITests.xctest */ = {isa = PBXFileReference; explicitFileType = wrapper.cfbundle; includeInIndex = 0; path = "Push Up TrackerUITests.xctest"; sourceTree = BUILT_PRODUCTS_DIR; };
		07B2AF292AF6A1DE00866EE2 /* Push_Up_TrackerUITests.swift */ = {isa = PBXFileReference; lastKnownFileType = sourcecode.swift; path = Push_Up_TrackerUITests.swift; sourceTree = "<group>"; };
		07B2AF2B2AF6A1DE00866EE2 /* Push_Up_TrackerUITestsLaunchTests.swift */ = {isa = PBXFileReference; lastKnownFileType = sourcecode.swift; path = Push_Up_TrackerUITestsLaunchTests.swift; sourceTree = "<group>"; };
/* End PBXFileReference section */

/* Begin PBXFrameworksBuildPhase section */
		07B2AF022AF6A1DD00866EE2 /* Frameworks */ = {
			isa = PBXFrameworksBuildPhase;
			buildActionMask = 2147483647;
			files = (
			);
			runOnlyForDeploymentPostprocessing = 0;
		};
		07B2AF182AF6A1DE00866EE2 /* Frameworks */ = {
			isa = PBXFrameworksBuildPhase;
			buildActionMask = 2147483647;
			files = (
			);
			runOnlyForDeploymentPostprocessing = 0;
		};
		07B2AF222AF6A1DE00866EE2 /* Frameworks */ = {
			isa = PBXFrameworksBuildPhase;
			buildActionMask = 2147483647;
			files = (
			);
			runOnlyForDeploymentPostprocessing = 0;
		};
/* End PBXFrameworksBuildPhase section */

/* Begin PBXGroup section */
		0715A50A2B13B63100C00ABA /* core */ = {
			isa = PBXGroup;
			children = (
				0715A50B2B13B64200C00ABA /* StatefulTracker.swift */,
				0715A5152B1B293700C00ABA /* AccelerationData.swift */,
			);
			path = core;
			sourceTree = "<group>";
		};
		0715A50D2B13B69600C00ABA /* core */ = {
			isa = PBXGroup;
			children = (
				0715A50E2B13B6A400C00ABA /* StatefulTrackerTests.swift */,
			);
			path = core;
			sourceTree = "<group>";
		};
		0715A5102B19CC6E00C00ABA /* views */ = {
			isa = PBXGroup;
			children = (
				0715A5132B19CCE200C00ABA /* ARFaceTrackingView.swift */,
				073D67D02B1CDBDE00E0BE81 /* TrackingView.swift */,
			);
			path = views;
			sourceTree = "<group>";
		};
		07B2AEFC2AF6A1DD00866EE2 = {
			isa = PBXGroup;
			children = (
				073D67CE2B1C70FF00E0BE81 /* PushUpSet.swift */,
				07B2AF072AF6A1DD00866EE2 /* Push Up Tracker */,
				07B2AF1E2AF6A1DE00866EE2 /* Push Up TrackerTests */,
				07B2AF282AF6A1DE00866EE2 /* Push Up TrackerUITests */,
				07B2AF062AF6A1DD00866EE2 /* Products */,
			);
			sourceTree = "<group>";
		};
		07B2AF062AF6A1DD00866EE2 /* Products */ = {
			isa = PBXGroup;
			children = (
				07B2AF052AF6A1DD00866EE2 /* Push Up Tracker.app */,
				07B2AF1B2AF6A1DE00866EE2 /* Push Up TrackerTests.xctest */,
				07B2AF252AF6A1DE00866EE2 /* Push Up TrackerUITests.xctest */,
			);
			name = Products;
			sourceTree = "<group>";
		};
		07B2AF072AF6A1DD00866EE2 /* Push Up Tracker */ = {
			isa = PBXGroup;
			children = (
				0715A5102B19CC6E00C00ABA /* views */,
				0715A50A2B13B63100C00ABA /* core */,
				07B2AF082AF6A1DD00866EE2 /* Push_Up_TrackerApp.swift */,
				07B2AF0A2AF6A1DD00866EE2 /* ContentView.swift */,
				0715A2EB2B13781100C00ABA /* rnd.swift */,
				07B2AF0C2AF6A1DE00866EE2 /* Assets.xcassets */,
				07B2AF162AF6A1DE00866EE2 /* Info.plist */,
				07B2AF0E2AF6A1DE00866EE2 /* Preview Content */,
				075D02A72B12809500E72927 /* RepCounterView.swift */,
				0715A2ED2B137B5500C00ABA /* PushUpCounter.swift */,
			);
			path = "Push Up Tracker";
			sourceTree = "<group>";
		};
		07B2AF0E2AF6A1DE00866EE2 /* Preview Content */ = {
			isa = PBXGroup;
			children = (
				07B2AF0F2AF6A1DE00866EE2 /* Preview Assets.xcassets */,
			);
			path = "Preview Content";
			sourceTree = "<group>";
		};
		07B2AF1E2AF6A1DE00866EE2 /* Push Up TrackerTests */ = {
			isa = PBXGroup;
			children = (
				0715A50D2B13B69600C00ABA /* core */,
				07B2AF1F2AF6A1DE00866EE2 /* Push_Up_TrackerTests.swift */,
				0715A2F12B137DD900C00ABA /* PushUpCounterTests.swift */,
			);
			path = "Push Up TrackerTests";
			sourceTree = "<group>";
		};
		07B2AF282AF6A1DE00866EE2 /* Push Up TrackerUITests */ = {
			isa = PBXGroup;
			children = (
				07B2AF292AF6A1DE00866EE2 /* Push_Up_TrackerUITests.swift */,
				07B2AF2B2AF6A1DE00866EE2 /* Push_Up_TrackerUITestsLaunchTests.swift */,
			);
			path = "Push Up TrackerUITests";
			sourceTree = "<group>";
		};
/* End PBXGroup section */

/* Begin PBXNativeTarget section */
		07B2AF042AF6A1DD00866EE2 /* Push Up Tracker */ = {
			isa = PBXNativeTarget;
			buildConfigurationList = 07B2AF2F2AF6A1DE00866EE2 /* Build configuration list for PBXNativeTarget "Push Up Tracker" */;
			buildPhases = (
				07B2AF012AF6A1DD00866EE2 /* Sources */,
				07B2AF022AF6A1DD00866EE2 /* Frameworks */,
				07B2AF032AF6A1DD00866EE2 /* Resources */,
			);
			buildRules = (
			);
			dependencies = (
			);
			name = "Push Up Tracker";
			productName = "Push Up Tracker";
			productReference = 07B2AF052AF6A1DD00866EE2 /* Push Up Tracker.app */;
			productType = "com.apple.product-type.application";
		};
		07B2AF1A2AF6A1DE00866EE2 /* Push Up TrackerTests */ = {
			isa = PBXNativeTarget;
			buildConfigurationList = 07B2AF322AF6A1DE00866EE2 /* Build configuration list for PBXNativeTarget "Push Up TrackerTests" */;
			buildPhases = (
				07B2AF172AF6A1DE00866EE2 /* Sources */,
				07B2AF182AF6A1DE00866EE2 /* Frameworks */,
				07B2AF192AF6A1DE00866EE2 /* Resources */,
			);
			buildRules = (
			);
			dependencies = (
				07B2AF1D2AF6A1DE00866EE2 /* PBXTargetDependency */,
			);
			name = "Push Up TrackerTests";
			productName = "Push Up TrackerTests";
			productReference = 07B2AF1B2AF6A1DE00866EE2 /* Push Up TrackerTests.xctest */;
			productType = "com.apple.product-type.bundle.unit-test";
		};
		07B2AF242AF6A1DE00866EE2 /* Push Up TrackerUITests */ = {
			isa = PBXNativeTarget;
			buildConfigurationList = 07B2AF352AF6A1DE00866EE2 /* Build configuration list for PBXNativeTarget "Push Up TrackerUITests" */;
			buildPhases = (
				07B2AF212AF6A1DE00866EE2 /* Sources */,
				07B2AF222AF6A1DE00866EE2 /* Frameworks */,
				07B2AF232AF6A1DE00866EE2 /* Resources */,
			);
			buildRules = (
			);
			dependencies = (
				07B2AF272AF6A1DE00866EE2 /* PBXTargetDependency */,
			);
			name = "Push Up TrackerUITests";
			productName = "Push Up TrackerUITests";
			productReference = 07B2AF252AF6A1DE00866EE2 /* Push Up TrackerUITests.xctest */;
			productType = "com.apple.product-type.bundle.ui-testing";
		};
/* End PBXNativeTarget section */

/* Begin PBXProject section */
		07B2AEFD2AF6A1DD00866EE2 /* Project object */ = {
			isa = PBXProject;
			attributes = {
				BuildIndependentTargetsInParallel = 1;
				LastSwiftUpdateCheck = 1420;
				LastUpgradeCheck = 1420;
				TargetAttributes = {
					07B2AF042AF6A1DD00866EE2 = {
						CreatedOnToolsVersion = 14.2;
					};
					07B2AF1A2AF6A1DE00866EE2 = {
						CreatedOnToolsVersion = 14.2;
						TestTargetID = 07B2AF042AF6A1DD00866EE2;
					};
					07B2AF242AF6A1DE00866EE2 = {
						CreatedOnToolsVersion = 14.2;
						TestTargetID = 07B2AF042AF6A1DD00866EE2;
					};
				};
			};
			buildConfigurationList = 07B2AF002AF6A1DD00866EE2 /* Build configuration list for PBXProject "Push Up Tracker" */;
			compatibilityVersion = "Xcode 14.0";
			developmentRegion = en;
			hasScannedForEncodings = 0;
			knownRegions = (
				en,
				Base,
			);
			mainGroup = 07B2AEFC2AF6A1DD00866EE2;
			productRefGroup = 07B2AF062AF6A1DD00866EE2 /* Products */;
			projectDirPath = "";
			projectRoot = "";
			targets = (
				07B2AF042AF6A1DD00866EE2 /* Push Up Tracker */,
				07B2AF1A2AF6A1DE00866EE2 /* Push Up TrackerTests */,
				07B2AF242AF6A1DE00866EE2 /* Push Up TrackerUITests */,
			);
		};
/* End PBXProject section */

/* Begin PBXResourcesBuildPhase section */
		07B2AF032AF6A1DD00866EE2 /* Resources */ = {
			isa = PBXResourcesBuildPhase;
			buildActionMask = 2147483647;
			files = (
				07B2AF102AF6A1DE00866EE2 /* Preview Assets.xcassets in Resources */,
				07B2AF0D2AF6A1DE00866EE2 /* Assets.xcassets in Resources */,
			);
			runOnlyForDeploymentPostprocessing = 0;
		};
		07B2AF192AF6A1DE00866EE2 /* Resources */ = {
			isa = PBXResourcesBuildPhase;
			buildActionMask = 2147483647;
			files = (
			);
			runOnlyForDeploymentPostprocessing = 0;
		};
		07B2AF232AF6A1DE00866EE2 /* Resources */ = {
			isa = PBXResourcesBuildPhase;
			buildActionMask = 2147483647;
			files = (
			);
			runOnlyForDeploymentPostprocessing = 0;
		};
/* End PBXResourcesBuildPhase section */

/* Begin PBXSourcesBuildPhase section */
		07B2AF012AF6A1DD00866EE2 /* Sources */ = {
			isa = PBXSourcesBuildPhase;
			buildActionMask = 2147483647;
			files = (
				0715A5142B19CCE200C00ABA /* ARFaceTrackingView.swift in Sources */,
				0715A5162B1B293700C00ABA /* AccelerationData.swift in Sources */,
				0715A2EC2B13781100C00ABA /* rnd.swift in Sources */,
				0715A50C2B13B64200C00ABA /* StatefulTracker.swift in Sources */,
				0715A2EE2B137B5500C00ABA /* PushUpCounter.swift in Sources */,
				07B2AF0B2AF6A1DD00866EE2 /* ContentView.swift in Sources */,
				07B2AF092AF6A1DD00866EE2 /* Push_Up_TrackerApp.swift in Sources */,
				073D67D12B1CDBDE00E0BE81 /* TrackingView.swift in Sources */,
				073D67CF2B1C70FF00E0BE81 /* PushUpSet.swift in Sources */,
				075D02A82B12809500E72927 /* RepCounterView.swift in Sources */,
			);
			runOnlyForDeploymentPostprocessing = 0;
		};
		07B2AF172AF6A1DE00866EE2 /* Sources */ = {
			isa = PBXSourcesBuildPhase;
			buildActionMask = 2147483647;
			files = (
				07B2AF202AF6A1DE00866EE2 /* Push_Up_TrackerTests.swift in Sources */,
				0715A2F22B137DD900C00ABA /* PushUpCounterTests.swift in Sources */,
				0715A50F2B13B6A400C00ABA /* StatefulTrackerTests.swift in Sources */,
			);
			runOnlyForDeploymentPostprocessing = 0;
		};
		07B2AF212AF6A1DE00866EE2 /* Sources */ = {
			isa = PBXSourcesBuildPhase;
			buildActionMask = 2147483647;
			files = (
				07B2AF2C2AF6A1DE00866EE2 /* Push_Up_TrackerUITestsLaunchTests.swift in Sources */,
				07B2AF2A2AF6A1DE00866EE2 /* Push_Up_TrackerUITests.swift in Sources */,
			);
			runOnlyForDeploymentPostprocessing = 0;
		};
/* End PBXSourcesBuildPhase section */

/* Begin PBXTargetDependency section */
		07B2AF1D2AF6A1DE00866EE2 /* PBXTargetDependency */ = {
			isa = PBXTargetDependency;
			target = 07B2AF042AF6A1DD00866EE2 /* Push Up Tracker */;
			targetProxy = 07B2AF1C2AF6A1DE00866EE2 /* PBXContainerItemProxy */;
		};
		07B2AF272AF6A1DE00866EE2 /* PBXTargetDependency */ = {
			isa = PBXTargetDependency;
			target = 07B2AF042AF6A1DD00866EE2 /* Push Up Tracker */;
			targetProxy = 07B2AF262AF6A1DE00866EE2 /* PBXContainerItemProxy */;
		};
/* End PBXTargetDependency section */

/* Begin XCBuildConfiguration section */
		07B2AF2D2AF6A1DE00866EE2 /* Debug */ = {
			isa = XCBuildConfiguration;
			buildSettings = {
				ALWAYS_SEARCH_USER_PATHS = NO;
				CLANG_ANALYZER_NONNULL = YES;
				CLANG_ANALYZER_NUMBER_OBJECT_CONVERSION = YES_AGGRESSIVE;
				CLANG_CXX_LANGUAGE_STANDARD = "gnu++20";
				CLANG_ENABLE_MODULES = YES;
				CLANG_ENABLE_OBJC_ARC = YES;
				CLANG_ENABLE_OBJC_WEAK = YES;
				CLANG_WARN_BLOCK_CAPTURE_AUTORELEASING = YES;
				CLANG_WARN_BOOL_CONVERSION = YES;
				CLANG_WARN_COMMA = YES;
				CLANG_WARN_CONSTANT_CONVERSION = YES;
				CLANG_WARN_DEPRECATED_OBJC_IMPLEMENTATIONS = YES;
				CLANG_WARN_DIRECT_OBJC_ISA_USAGE = YES_ERROR;
				CLANG_WARN_DOCUMENTATION_COMMENTS = YES;
				CLANG_WARN_EMPTY_BODY = YES;
				CLANG_WARN_ENUM_CONVERSION = YES;
				CLANG_WARN_INFINITE_RECURSION = YES;
				CLANG_WARN_INT_CONVERSION = YES;
				CLANG_WARN_NON_LITERAL_NULL_CONVERSION = YES;
				CLANG_WARN_OBJC_IMPLICIT_RETAIN_SELF = YES;
				CLANG_WARN_OBJC_LITERAL_CONVERSION = YES;
				CLANG_WARN_OBJC_ROOT_CLASS = YES_ERROR;
				CLANG_WARN_QUOTED_INCLUDE_IN_FRAMEWORK_HEADER = YES;
				CLANG_WARN_RANGE_LOOP_ANALYSIS = YES;
				CLANG_WARN_STRICT_PROTOTYPES = YES;
				CLANG_WARN_SUSPICIOUS_MOVE = YES;
				CLANG_WARN_UNGUARDED_AVAILABILITY = YES_AGGRESSIVE;
				CLANG_WARN_UNREACHABLE_CODE = YES;
				CLANG_WARN__DUPLICATE_METHOD_MATCH = YES;
				COPY_PHASE_STRIP = NO;
				DEBUG_INFORMATION_FORMAT = dwarf;
				ENABLE_STRICT_OBJC_MSGSEND = YES;
				ENABLE_TESTABILITY = YES;
				GCC_C_LANGUAGE_STANDARD = gnu11;
				GCC_DYNAMIC_NO_PIC = NO;
				GCC_NO_COMMON_BLOCKS = YES;
				GCC_OPTIMIZATION_LEVEL = 0;
				GCC_PREPROCESSOR_DEFINITIONS = (
					"DEBUG=1",
					"$(inherited)",
				);
				GCC_WARN_64_TO_32_BIT_CONVERSION = YES;
				GCC_WARN_ABOUT_RETURN_TYPE = YES_ERROR;
				GCC_WARN_UNDECLARED_SELECTOR = YES;
				GCC_WARN_UNINITIALIZED_AUTOS = YES_AGGRESSIVE;
				GCC_WARN_UNUSED_FUNCTION = YES;
				GCC_WARN_UNUSED_VARIABLE = YES;
				IPHONEOS_DEPLOYMENT_TARGET = 16.2;
				MTL_ENABLE_DEBUG_INFO = INCLUDE_SOURCE;
				MTL_FAST_MATH = YES;
				ONLY_ACTIVE_ARCH = YES;
				SDKROOT = iphoneos;
				SWIFT_ACTIVE_COMPILATION_CONDITIONS = DEBUG;
				SWIFT_OPTIMIZATION_LEVEL = "-Onone";
			};
			name = Debug;
		};
		07B2AF2E2AF6A1DE00866EE2 /* Release */ = {
			isa = XCBuildConfiguration;
			buildSettings = {
				ALWAYS_SEARCH_USER_PATHS = NO;
				CLANG_ANALYZER_NONNULL = YES;
				CLANG_ANALYZER_NUMBER_OBJECT_CONVERSION = YES_AGGRESSIVE;
				CLANG_CXX_LANGUAGE_STANDARD = "gnu++20";
				CLANG_ENABLE_MODULES = YES;
				CLANG_ENABLE_OBJC_ARC = YES;
				CLANG_ENABLE_OBJC_WEAK = YES;
				CLANG_WARN_BLOCK_CAPTURE_AUTORELEASING = YES;
				CLANG_WARN_BOOL_CONVERSION = YES;
				CLANG_WARN_COMMA = YES;
				CLANG_WARN_CONSTANT_CONVERSION = YES;
				CLANG_WARN_DEPRECATED_OBJC_IMPLEMENTATIONS = YES;
				CLANG_WARN_DIRECT_OBJC_ISA_USAGE = YES_ERROR;
				CLANG_WARN_DOCUMENTATION_COMMENTS = YES;
				CLANG_WARN_EMPTY_BODY = YES;
				CLANG_WARN_ENUM_CONVERSION = YES;
				CLANG_WARN_INFINITE_RECURSION = YES;
				CLANG_WARN_INT_CONVERSION = YES;
				CLANG_WARN_NON_LITERAL_NULL_CONVERSION = YES;
				CLANG_WARN_OBJC_IMPLICIT_RETAIN_SELF = YES;
				CLANG_WARN_OBJC_LITERAL_CONVERSION = YES;
				CLANG_WARN_OBJC_ROOT_CLASS = YES_ERROR;
				CLANG_WARN_QUOTED_INCLUDE_IN_FRAMEWORK_HEADER = YES;
				CLANG_WARN_RANGE_LOOP_ANALYSIS = YES;
				CLANG_WARN_STRICT_PROTOTYPES = YES;
				CLANG_WARN_SUSPICIOUS_MOVE = YES;
				CLANG_WARN_UNGUARDED_AVAILABILITY = YES_AGGRESSIVE;
				CLANG_WARN_UNREACHABLE_CODE = YES;
				CLANG_WARN__DUPLICATE_METHOD_MATCH = YES;
				COPY_PHASE_STRIP = NO;
				DEBUG_INFORMATION_FORMAT = "dwarf-with-dsym";
				ENABLE_NS_ASSERTIONS = NO;
				ENABLE_STRICT_OBJC_MSGSEND = YES;
				GCC_C_LANGUAGE_STANDARD = gnu11;
				GCC_NO_COMMON_BLOCKS = YES;
				GCC_WARN_64_TO_32_BIT_CONVERSION = YES;
				GCC_WARN_ABOUT_RETURN_TYPE = YES_ERROR;
				GCC_WARN_UNDECLARED_SELECTOR = YES;
				GCC_WARN_UNINITIALIZED_AUTOS = YES_AGGRESSIVE;
				GCC_WARN_UNUSED_FUNCTION = YES;
				GCC_WARN_UNUSED_VARIABLE = YES;
				IPHONEOS_DEPLOYMENT_TARGET = 16.2;
				MTL_ENABLE_DEBUG_INFO = NO;
				MTL_FAST_MATH = YES;
				SDKROOT = iphoneos;
				SWIFT_COMPILATION_MODE = wholemodule;
				SWIFT_OPTIMIZATION_LEVEL = "-O";
				VALIDATE_PRODUCT = YES;
			};
			name = Release;
		};
		07B2AF302AF6A1DE00866EE2 /* Debug */ = {
			isa = XCBuildConfiguration;
			buildSettings = {
				ASSETCATALOG_COMPILER_APPICON_NAME = AppIcon;
				ASSETCATALOG_COMPILER_GLOBAL_ACCENT_COLOR_NAME = AccentColor;
				CODE_SIGN_STYLE = Automatic;
				CURRENT_PROJECT_VERSION = 1;
				DEVELOPMENT_ASSET_PATHS = "\"Push Up Tracker/Preview Content\"";
				DEVELOPMENT_TEAM = GDZK2LSJJK;
				ENABLE_PREVIEWS = YES;
				GENERATE_INFOPLIST_FILE = YES;
				INFOPLIST_KEY_UIApplicationSceneManifest_Generation = YES;
				INFOPLIST_KEY_UIApplicationSupportsIndirectInputEvents = YES;
				INFOPLIST_KEY_UILaunchScreen_Generation = YES;
				INFOPLIST_KEY_UISupportedInterfaceOrientations_iPad = "UIInterfaceOrientationPortrait UIInterfaceOrientationPortraitUpsideDown UIInterfaceOrientationLandscapeLeft UIInterfaceOrientationLandscapeRight";
				INFOPLIST_KEY_UISupportedInterfaceOrientations_iPhone = "UIInterfaceOrientationPortrait UIInterfaceOrientationLandscapeLeft UIInterfaceOrientationLandscapeRight";
				IPHONEOS_DEPLOYMENT_TARGET = 17.0;
				LD_RUNPATH_SEARCH_PATHS = (
					"$(inherited)",
					"@executable_path/Frameworks",
				);
				MARKETING_VERSION = 1.0;
				PRODUCT_BUNDLE_IDENTIFIER = "com.imtiyazzaman.Push-Up-Tracker";
				PRODUCT_NAME = "$(TARGET_NAME)";
				SWIFT_EMIT_LOC_STRINGS = YES;
				SWIFT_VERSION = 5.0;
				TARGETED_DEVICE_FAMILY = "1,2";
			};
			name = Debug;
		};
		07B2AF312AF6A1DE00866EE2 /* Release */ = {
			isa = XCBuildConfiguration;
			buildSettings = {
				ASSETCATALOG_COMPILER_APPICON_NAME = AppIcon;
				ASSETCATALOG_COMPILER_GLOBAL_ACCENT_COLOR_NAME = AccentColor;
				CODE_SIGN_STYLE = Automatic;
				CURRENT_PROJECT_VERSION = 1;
				DEVELOPMENT_ASSET_PATHS = "\"Push Up Tracker/Preview Content\"";
				DEVELOPMENT_TEAM = GDZK2LSJJK;
				ENABLE_PREVIEWS = YES;
				GENERATE_INFOPLIST_FILE = YES;
				INFOPLIST_KEY_UIApplicationSceneManifest_Generation = YES;
				INFOPLIST_KEY_UIApplicationSupportsIndirectInputEvents = YES;
				INFOPLIST_KEY_UILaunchScreen_Generation = YES;
				INFOPLIST_KEY_UISupportedInterfaceOrientations_iPad = "UIInterfaceOrientationPortrait UIInterfaceOrientationPortraitUpsideDown UIInterfaceOrientationLandscapeLeft UIInterfaceOrientationLandscapeRight";
				INFOPLIST_KEY_UISupportedInterfaceOrientations_iPhone = "UIInterfaceOrientationPortrait UIInterfaceOrientationLandscapeLeft UIInterfaceOrientationLandscapeRight";
				IPHONEOS_DEPLOYMENT_TARGET = 17.0;
				LD_RUNPATH_SEARCH_PATHS = (
					"$(inherited)",
					"@executable_path/Frameworks",
				);
				MARKETING_VERSION = 1.0;
				PRODUCT_BUNDLE_IDENTIFIER = "com.imtiyazzaman.Push-Up-Tracker";
				PRODUCT_NAME = "$(TARGET_NAME)";
				SWIFT_EMIT_LOC_STRINGS = YES;
				SWIFT_VERSION = 5.0;
				TARGETED_DEVICE_FAMILY = "1,2";
			};
			name = Release;
		};
		07B2AF332AF6A1DE00866EE2 /* Debug */ = {
			isa = XCBuildConfiguration;
			buildSettings = {
				ALWAYS_EMBED_SWIFT_STANDARD_LIBRARIES = YES;
				BUNDLE_LOADER = "$(TEST_HOST)";
				CODE_SIGN_STYLE = Automatic;
				CURRENT_PROJECT_VERSION = 1;
				DEVELOPMENT_TEAM = GDZK2LSJJK;
				GENERATE_INFOPLIST_FILE = YES;
				IPHONEOS_DEPLOYMENT_TARGET = 17.0;
				MARKETING_VERSION = 1.0;
				PRODUCT_BUNDLE_IDENTIFIER = "com.imtiyazzaman.Push-Up-TrackerTests";
				PRODUCT_NAME = "$(TARGET_NAME)";
				SWIFT_EMIT_LOC_STRINGS = NO;
				SWIFT_VERSION = 5.0;
				TARGETED_DEVICE_FAMILY = "1,2";
				TEST_HOST = "$(BUILT_PRODUCTS_DIR)/Push Up Tracker.app/$(BUNDLE_EXECUTABLE_FOLDER_PATH)/Push Up Tracker";
			};
			name = Debug;
		};
		07B2AF342AF6A1DE00866EE2 /* Release */ = {
			isa = XCBuildConfiguration;
			buildSettings = {
				ALWAYS_EMBED_SWIFT_STANDARD_LIBRARIES = YES;
				BUNDLE_LOADER = "$(TEST_HOST)";
				CODE_SIGN_STYLE = Automatic;
				CURRENT_PROJECT_VERSION = 1;
				DEVELOPMENT_TEAM = GDZK2LSJJK;
				GENERATE_INFOPLIST_FILE = YES;
				IPHONEOS_DEPLOYMENT_TARGET = 17.0;
				MARKETING_VERSION = 1.0;
				PRODUCT_BUNDLE_IDENTIFIER = "com.imtiyazzaman.Push-Up-TrackerTests";
				PRODUCT_NAME = "$(TARGET_NAME)";
				SWIFT_EMIT_LOC_STRINGS = NO;
				SWIFT_VERSION = 5.0;
				TARGETED_DEVICE_FAMILY = "1,2";
				TEST_HOST = "$(BUILT_PRODUCTS_DIR)/Push Up Tracker.app/$(BUNDLE_EXECUTABLE_FOLDER_PATH)/Push Up Tracker";
			};
			name = Release;
		};
		07B2AF362AF6A1DE00866EE2 /* Debug */ = {
			isa = XCBuildConfiguration;
			buildSettings = {
				ALWAYS_EMBED_SWIFT_STANDARD_LIBRARIES = YES;
				CODE_SIGN_STYLE = Automatic;
				CURRENT_PROJECT_VERSION = 1;
				DEVELOPMENT_TEAM = GDZK2LSJJK;
				GENERATE_INFOPLIST_FILE = YES;
				IPHONEOS_DEPLOYMENT_TARGET = 17.0;
				MARKETING_VERSION = 1.0;
				PRODUCT_BUNDLE_IDENTIFIER = "com.imtiyazzaman.Push-Up-TrackerUITests";
				PRODUCT_NAME = "$(TARGET_NAME)";
				SWIFT_EMIT_LOC_STRINGS = NO;
				SWIFT_VERSION = 5.0;
				TARGETED_DEVICE_FAMILY = "1,2";
				TEST_TARGET_NAME = "Push Up Tracker";
			};
			name = Debug;
		};
		07B2AF372AF6A1DE00866EE2 /* Release */ = {
			isa = XCBuildConfiguration;
			buildSettings = {
				ALWAYS_EMBED_SWIFT_STANDARD_LIBRARIES = YES;
				CODE_SIGN_STYLE = Automatic;
				CURRENT_PROJECT_VERSION = 1;
				DEVELOPMENT_TEAM = GDZK2LSJJK;
				GENERATE_INFOPLIST_FILE = YES;
				IPHONEOS_DEPLOYMENT_TARGET = 17.0;
				MARKETING_VERSION = 1.0;
				PRODUCT_BUNDLE_IDENTIFIER = "com.imtiyazzaman.Push-Up-TrackerUITests";
				PRODUCT_NAME = "$(TARGET_NAME)";
				SWIFT_EMIT_LOC_STRINGS = NO;
				SWIFT_VERSION = 5.0;
				TARGETED_DEVICE_FAMILY = "1,2";
				TEST_TARGET_NAME = "Push Up Tracker";
			};
			name = Release;
		};
/* End XCBuildConfiguration section */

/* Begin XCConfigurationList section */
		07B2AF002AF6A1DD00866EE2 /* Build configuration list for PBXProject "Push Up Tracker" */ = {
			isa = XCConfigurationList;
			buildConfigurations = (
				07B2AF2D2AF6A1DE00866EE2 /* Debug */,
				07B2AF2E2AF6A1DE00866EE2 /* Release */,
			);
			defaultConfigurationIsVisible = 0;
			defaultConfigurationName = Release;
		};
		07B2AF2F2AF6A1DE00866EE2 /* Build configuration list for PBXNativeTarget "Push Up Tracker" */ = {
			isa = XCConfigurationList;
			buildConfigurations = (
				07B2AF302AF6A1DE00866EE2 /* Debug */,
				07B2AF312AF6A1DE00866EE2 /* Release */,
			);
			defaultConfigurationIsVisible = 0;
			defaultConfigurationName = Release;
		};
		07B2AF322AF6A1DE00866EE2 /* Build configuration list for PBXNativeTarget "Push Up TrackerTests" */ = {
			isa = XCConfigurationList;
			buildConfigurations = (
				07B2AF332AF6A1DE00866EE2 /* Debug */,
				07B2AF342AF6A1DE00866EE2 /* Release */,
			);
			defaultConfigurationIsVisible = 0;
			defaultConfigurationName = Release;
		};
		07B2AF352AF6A1DE00866EE2 /* Build configuration list for PBXNativeTarget "Push Up TrackerUITests" */ = {
			isa = XCConfigurationList;
			buildConfigurations = (
				07B2AF362AF6A1DE00866EE2 /* Debug */,
				07B2AF372AF6A1DE00866EE2 /* Release */,
			);
			defaultConfigurationIsVisible = 0;
			defaultConfigurationName = Release;
		};
/* End XCConfigurationList section */
	};
	rootObject = 07B2AEFD2AF6A1DD00866EE2 /* Project object */;
}
